dependencies:
- name: ska-tango-util
  repository: https://artefact.skao.int/repository/helm-internal
  version: 0.4.15
- name: ska-tango-base
  repository: https://artefact.skao.int/repository/helm-internal
  version: 0.4.15
- name: ska-mid-dish-simulators
  repository: https://artefact.skao.int/repository/helm-internal
  version: 4.2.3
digest: sha256:b8dd872d2e986e7ee49843df2c7a9dc79c67fcafc42110dd0041efdb15c15134
generated: "2025-01-17T18:41:04.263895+02:00"
