dependencies:
- name: ska-tango-util
  repository: https://artefact.skao.int/repository/helm-internal
  version: 0.4.15
- name: ska-tango-base
  repository: https://artefact.skao.int/repository/helm-internal
  version: 0.4.15
- name: ska-mid-dish-dcp-lib
  repository: https://artefact.skao.int/repository/helm-internal
  version: 0.0.2
digest: sha256:9648e4dd1bf51c1a6ba56a89fcb007d9a811a9fd4f2bcc4bb1e66aefaf2b9955
generated: "2025-01-23T23:49:32.203929752+02:00"
