dependencies:
- name: ska-tango-util
  repository: https://artefact.skao.int/repository/helm-internal
  version: 0.4.15
- name: ska-tango-base
  repository: https://artefact.skao.int/repository/helm-internal
  version: 0.4.15
- name: ska-mid-dish-dcp-lib
  repository: https://artefact.skao.int/repository/helm-internal
  version: 0.0.3
digest: sha256:8b211459aad84db955acd894798364a1e8c96829246fede294e78426113ad746
generated: "2025-01-27T12:10:00.963542+02:00"
